
Microsoft Visual Studio Solution File, Format Version 12.00
# Visual Studio 15
VisualStudioVersion = 15.0.27703.2018
MinimumVisualStudioVersion = 10.0.40219.1
Project("{9A19103F-16F7-4668-BE54-9A1E7A4F7556}") = "gurps-manager-api", "gurps-manager-api\gurps-manager-api.csproj", "{A8EF17F1-DE5B-4779-A4FC-BACB7A27BF10}"
EndProject
Global
	GlobalSection(SolutionConfigurationPlatforms) = preSolution
		Debug|Any CPU = Debug|Any CPU
		Release|Any CPU = Release|Any CPU
	EndGlobalSection
	GlobalSection(ProjectConfigurationPlatforms) = postSolution
		{A8EF17F1-DE5B-4779-A4FC-BACB7A27BF10}.Debug|Any CPU.ActiveCfg = Debug|Any CPU
		{A8EF17F1-DE5B-4779-A4FC-BACB7A27BF10}.Debug|Any CPU.Build.0 = Debug|Any CPU
		{A8EF17F1-DE5B-4779-A4FC-BACB7A27BF10}.Release|Any CPU.ActiveCfg = Release|Any CPU
		{A8EF17F1-DE5B-4779-A4FC-BACB7A27BF10}.Release|Any CPU.Build.0 = Release|Any CPU
	EndGlobalSection
	GlobalSection(SolutionProperties) = preSolution
		HideSolutionNode = FALSE
	EndGlobalSection
	GlobalSection(ExtensibilityGlobals) = postSolution
		SolutionGuid = {65EE9B84-57A2-4F95-8534-1D337B407C69}
	EndGlobalSection
EndGlobal
